
Microsoft Visual Studio Solution File, Format Version 12.00
Project("{FAE04EC0-301F-11D3-BF4B-00C04F79EFBC}") = "SimdTest.ConsoleApp", "SimdTest.ConsoleApp\SimdTest.ConsoleApp.csproj", "{8AD5D343-24B7-4682-890C-E20C3CF2DD39}"
EndProject
Project("{FAE04EC0-301F-11D3-BF4B-00C04F79EFBC}") = "SimdTest.Lib", "SimdTest.Lib\SimdTest.Lib.csproj", "{DC598016-D44B-415A-B8CC-D45C5DE715F9}"
EndProject
Project("{FAE04EC0-301F-11D3-BF4B-00C04F79EFBC}") = "SimdTest.Benchmarks", "SimdTest.Benchmarks\SimdTest.Benchmarks.csproj", "{61488166-E37E-4CAA-8227-29C8D54D75A9}"
EndProject
Global
	GlobalSection(SolutionConfigurationPlatforms) = preSolution
		Debug|Any CPU = Debug|Any CPU
		Release|Any CPU = Release|Any CPU
	EndGlobalSection
	GlobalSection(ProjectConfigurationPlatforms) = postSolution
		{8AD5D343-24B7-4682-890C-E20C3CF2DD39}.Debug|Any CPU.ActiveCfg = Debug|Any CPU
		{8AD5D343-24B7-4682-890C-E20C3CF2DD39}.Debug|Any CPU.Build.0 = Debug|Any CPU
		{8AD5D343-24B7-4682-890C-E20C3CF2DD39}.Release|Any CPU.ActiveCfg = Release|Any CPU
		{8AD5D343-24B7-4682-890C-E20C3CF2DD39}.Release|Any CPU.Build.0 = Release|Any CPU
		{DC598016-D44B-415A-B8CC-D45C5DE715F9}.Debug|Any CPU.ActiveCfg = Debug|Any CPU
		{DC598016-D44B-415A-B8CC-D45C5DE715F9}.Debug|Any CPU.Build.0 = Debug|Any CPU
		{DC598016-D44B-415A-B8CC-D45C5DE715F9}.Release|Any CPU.ActiveCfg = Release|Any CPU
		{DC598016-D44B-415A-B8CC-D45C5DE715F9}.Release|Any CPU.Build.0 = Release|Any CPU
		{61488166-E37E-4CAA-8227-29C8D54D75A9}.Debug|Any CPU.ActiveCfg = Debug|Any CPU
		{61488166-E37E-4CAA-8227-29C8D54D75A9}.Debug|Any CPU.Build.0 = Debug|Any CPU
		{61488166-E37E-4CAA-8227-29C8D54D75A9}.Release|Any CPU.ActiveCfg = Release|Any CPU
		{61488166-E37E-4CAA-8227-29C8D54D75A9}.Release|Any CPU.Build.0 = Release|Any CPU
	EndGlobalSection
EndGlobal
